// !$*UTF8*$!
{
	archiveVersion = 1;
	classes = {
	};
	objectVersion = 46;
	objects = {

/* Begin PBXBuildFile section */
		1AC019582028D2210069707C /* FAImageLoader.swift in Sources */ = {isa = PBXBuildFile; fileRef = 1AC0194A2028D2210069707C /* FAImageLoader.swift */; };
		1AC019592028D2210069707C /* UIImage+Additions.swift in Sources */ = {isa = PBXBuildFile; fileRef = 1AC0194C2028D2210069707C /* UIImage+Additions.swift */; };
		1AC0195A2028D2210069707C /* FAGridView.xib in Resources */ = {isa = PBXBuildFile; fileRef = 1AC0194D2028D2210069707C /* FAGridView.xib */; };
		1AC0195B2028D2210069707C /* FAScrollView.swift in Sources */ = {isa = PBXBuildFile; fileRef = 1AC0194E2028D2210069707C /* FAScrollView.swift */; };
		1AC0195C2028D2210069707C /* FAImageCell.swift in Sources */ = {isa = PBXBuildFile; fileRef = 1AC019522028D2210069707C /* FAImageCell.swift */; };
		1AC0195D2028D2210069707C /* FADetailVC.swift in Sources */ = {isa = PBXBuildFile; fileRef = 1AC019562028D2210069707C /* FADetailVC.swift */; };
		1AC0195E2028D2210069707C /* FAImageCropperVC.swift in Sources */ = {isa = PBXBuildFile; fileRef = 1AC019572028D2210069707C /* FAImageCropperVC.swift */; };
		290399801E411D9500CC0C20 /* AppDelegate.swift in Sources */ = {isa = PBXBuildFile; fileRef = 2903997F1E411D9500CC0C20 /* AppDelegate.swift */; };
		290399851E411D9500CC0C20 /* Main.storyboard in Resources */ = {isa = PBXBuildFile; fileRef = 290399831E411D9500CC0C20 /* Main.storyboard */; };
		290399871E411D9500CC0C20 /* Assets.xcassets in Resources */ = {isa = PBXBuildFile; fileRef = 290399861E411D9500CC0C20 /* Assets.xcassets */; };
		2903998A1E411D9500CC0C20 /* LaunchScreen.storyboard in Resources */ = {isa = PBXBuildFile; fileRef = 290399881E411D9500CC0C20 /* LaunchScreen.storyboard */; };
		290399951E411D9500CC0C20 /* FAImageCropperTests.swift in Sources */ = {isa = PBXBuildFile; fileRef = 290399941E411D9500CC0C20 /* FAImageCropperTests.swift */; };
		290399A01E411D9500CC0C20 /* FAImageCropperUITests.swift in Sources */ = {isa = PBXBuildFile; fileRef = 2903999F1E411D9500CC0C20 /* FAImageCropperUITests.swift */; };
		2965F1261EE1B42B001F1B5A /* README.md in Sources */ = {isa = PBXBuildFile; fileRef = 2965F1251EE1B42B001F1B5A /* README.md */; };
/* End PBXBuildFile section */

/* Begin PBXContainerItemProxy section */
		290399911E411D9500CC0C20 /* PBXContainerItemProxy */ = {
			isa = PBXContainerItemProxy;
			containerPortal = 290399741E411D9400CC0C20 /* Project object */;
			proxyType = 1;
			remoteGlobalIDString = 2903997B1E411D9400CC0C20;
			remoteInfo = FAImageCropper;
		};
		2903999C1E411D9500CC0C20 /* PBXContainerItemProxy */ = {
			isa = PBXContainerItemProxy;
			containerPortal = 290399741E411D9400CC0C20 /* Project object */;
			proxyType = 1;
			remoteGlobalIDString = 2903997B1E411D9400CC0C20;
			remoteInfo = FAImageCropper;
		};
/* End PBXContainerItemProxy section */

/* Begin PBXFileReference section */
		1AC0194A2028D2210069707C /* FAImageLoader.swift */ = {isa = PBXFileReference; fileEncoding = 4; lastKnownFileType = sourcecode.swift; path = FAImageLoader.swift; sourceTree = "<group>"; };
		1AC0194C2028D2210069707C /* UIImage+Additions.swift */ = {isa = PBXFileReference; fileEncoding = 4; lastKnownFileType = sourcecode.swift; path = "UIImage+Additions.swift"; sourceTree = "<group>"; };
		1AC0194D2028D2210069707C /* FAGridView.xib */ = {isa = PBXFileReference; fileEncoding = 4; lastKnownFileType = file.xib; path = FAGridView.xib; sourceTree = "<group>"; };
		1AC0194E2028D2210069707C /* FAScrollView.swift */ = {isa = PBXFileReference; fileEncoding = 4; lastKnownFileType = sourcecode.swift; path = FAScrollView.swift; sourceTree = "<group>"; };
		1AC019522028D2210069707C /* FAImageCell.swift */ = {isa = PBXFileReference; fileEncoding = 4; lastKnownFileType = sourcecode.swift; path = FAImageCell.swift; sourceTree = "<group>"; };
		1AC019562028D2210069707C /* FADetailVC.swift */ = {isa = PBXFileReference; fileEncoding = 4; lastKnownFileType = sourcecode.swift; path = FADetailVC.swift; sourceTree = "<group>"; };
		1AC019572028D2210069707C /* FAImageCropperVC.swift */ = {isa = PBXFileReference; fileEncoding = 4; lastKnownFileType = sourcecode.swift; path = FAImageCropperVC.swift; sourceTree = "<group>"; };
		2903997C1E411D9500CC0C20 /* FAImageCropper.app */ = {isa = PBXFileReference; explicitFileType = wrapper.application; includeInIndex = 0; path = FAImageCropper.app; sourceTree = BUILT_PRODUCTS_DIR; };
		2903997F1E411D9500CC0C20 /* AppDelegate.swift */ = {isa = PBXFileReference; lastKnownFileType = sourcecode.swift; path = AppDelegate.swift; sourceTree = "<group>"; };
		290399841E411D9500CC0C20 /* Base */ = {isa = PBXFileReference; lastKnownFileType = file.storyboard; name = Base; path = Base.lproj/Main.storyboard; sourceTree = "<group>"; };
		290399861E411D9500CC0C20 /* Assets.xcassets */ = {isa = PBXFileReference; lastKnownFileType = folder.assetcatalog; path = Assets.xcassets; sourceTree = "<group>"; };
		290399891E411D9500CC0C20 /* Base */ = {isa = PBXFileReference; lastKnownFileType = file.storyboard; name = Base; path = Base.lproj/LaunchScreen.storyboard; sourceTree = "<group>"; };
		2903998B1E411D9500CC0C20 /* Info.plist */ = {isa = PBXFileReference; lastKnownFileType = text.plist.xml; path = Info.plist; sourceTree = "<group>"; };
		290399901E411D9500CC0C20 /* FAImageCropperTests.xctest */ = {isa = PBXFileReference; explicitFileType = wrapper.cfbundle; includeInIndex = 0; path = FAImageCropperTests.xctest; sourceTree = BUILT_PRODUCTS_DIR; };
		290399941E411D9500CC0C20 /* FAImageCropperTests.swift */ = {isa = PBXFileReference; lastKnownFileType = sourcecode.swift; path = FAImageCropperTests.swift; sourceTree = "<group>"; };
		290399961E411D9500CC0C20 /* Info.plist */ = {isa = PBXFileReference; lastKnownFileType = text.plist.xml; path = Info.plist; sourceTree = "<group>"; };
		2903999B1E411D9500CC0C20 /* FAImageCropperUITests.xctest */ = {isa = PBXFileReference; explicitFileType = wrapper.cfbundle; includeInIndex = 0; path = FAImageCropperUITests.xctest; sourceTree = BUILT_PRODUCTS_DIR; };
		2903999F1E411D9500CC0C20 /* FAImageCropperUITests.swift */ = {isa = PBXFileReference; lastKnownFileType = sourcecode.swift; path = FAImageCropperUITests.swift; sourceTree = "<group>"; };
		290399A11E411D9500CC0C20 /* Info.plist */ = {isa = PBXFileReference; lastKnownFileType = text.plist.xml; path = Info.plist; sourceTree = "<group>"; };
		2965F1251EE1B42B001F1B5A /* README.md */ = {isa = PBXFileReference; fileEncoding = 4; lastKnownFileType = net.daringfireball.markdown; path = README.md; sourceTree = "<group>"; };
		297AE4711E4FE2010014D705 /* FAImageCropper-Bridging-Header.h */ = {isa = PBXFileReference; lastKnownFileType = sourcecode.c.h; path = "FAImageCropper-Bridging-Header.h"; sourceTree = SOURCE_ROOT; };
/* End PBXFileReference section */

/* Begin PBXFrameworksBuildPhase section */
		290399791E411D9400CC0C20 /* Frameworks */ = {
			isa = PBXFrameworksBuildPhase;
			buildActionMask = 2147483647;
			files = (
			);
			runOnlyForDeploymentPostprocessing = 0;
		};
		2903998D1E411D9500CC0C20 /* Frameworks */ = {
			isa = PBXFrameworksBuildPhase;
			buildActionMask = 2147483647;
			files = (
			);
			runOnlyForDeploymentPostprocessing = 0;
		};
		290399981E411D9500CC0C20 /* Frameworks */ = {
			isa = PBXFrameworksBuildPhase;
			buildActionMask = 2147483647;
			files = (
			);
			runOnlyForDeploymentPostprocessing = 0;
		};
/* End PBXFrameworksBuildPhase section */

/* Begin PBXGroup section */
		1AC019492028D2210069707C /* FAUtility */ = {
			isa = PBXGroup;
			children = (
				1AC0194A2028D2210069707C /* FAImageLoader.swift */,
				1AC0194B2028D2210069707C /* Extension */,
				1AC0194D2028D2210069707C /* FAGridView.xib */,
				1AC0194E2028D2210069707C /* FAScrollView.swift */,
			);
			path = FAUtility;
			sourceTree = "<group>";
		};
		1AC0194B2028D2210069707C /* Extension */ = {
			isa = PBXGroup;
			children = (
				1AC0194C2028D2210069707C /* UIImage+Additions.swift */,
			);
			path = Extension;
			sourceTree = "<group>";
		};
		1AC0194F2028D2210069707C /* Views */ = {
			isa = PBXGroup;
			children = (
				1AC019502028D2210069707C /* Cells */,
				1AC019532028D2210069707C /* Stories */,
				1AC019542028D2210069707C /* Ressources */,
			);
			path = Views;
			sourceTree = "<group>";
		};
		1AC019502028D2210069707C /* Cells */ = {
			isa = PBXGroup;
			children = (
				1AC019512028D2210069707C /* FAImageCell */,
			);
			path = Cells;
			sourceTree = "<group>";
		};
		1AC019512028D2210069707C /* FAImageCell */ = {
			isa = PBXGroup;
			children = (
				1AC019522028D2210069707C /* FAImageCell.swift */,
			);
			path = FAImageCell;
			sourceTree = "<group>";
		};
		1AC019532028D2210069707C /* Stories */ = {
			isa = PBXGroup;
			children = (
				290399831E411D9500CC0C20 /* Main.storyboard */,
			);
			path = Stories;
			sourceTree = "<group>";
		};
		1AC019542028D2210069707C /* Ressources */ = {
			isa = PBXGroup;
			children = (
			);
			path = Ressources;
			sourceTree = "<group>";
		};
		1AC019552028D2210069707C /* Controllers */ = {
			isa = PBXGroup;
			children = (
				1AC019562028D2210069707C /* FADetailVC.swift */,
				1AC019572028D2210069707C /* FAImageCropperVC.swift */,
			);
			path = Controllers;
			sourceTree = "<group>";
		};
		290399731E411D9400CC0C20 = {
			isa = PBXGroup;
			children = (
				2965F1251EE1B42B001F1B5A /* README.md */,
				2903997E1E411D9500CC0C20 /* FAImageCropper */,
				290399931E411D9500CC0C20 /* FAImageCropperTests */,
				2903999E1E411D9500CC0C20 /* FAImageCropperUITests */,
				2903997D1E411D9500CC0C20 /* Products */,
			);
			sourceTree = "<group>";
		};
		2903997D1E411D9500CC0C20 /* Products */ = {
			isa = PBXGroup;
			children = (
				2903997C1E411D9500CC0C20 /* FAImageCropper.app */,
				290399901E411D9500CC0C20 /* FAImageCropperTests.xctest */,
				2903999B1E411D9500CC0C20 /* FAImageCropperUITests.xctest */,
			);
			name = Products;
			sourceTree = "<group>";
		};
		2903997E1E411D9500CC0C20 /* FAImageCropper */ = {
			isa = PBXGroup;
			children = (
				1AC019552028D2210069707C /* Controllers */,
				1AC019492028D2210069707C /* FAUtility */,
				1AC0194F2028D2210069707C /* Views */,
				290399AD1E411D9D00CC0C20 /* AppDelegate */,
				290399B01E411DFB00CC0C20 /* Other */,
			);
			path = FAImageCropper;
			sourceTree = "<group>";
		};
		290399931E411D9500CC0C20 /* FAImageCropperTests */ = {
			isa = PBXGroup;
			children = (
				290399941E411D9500CC0C20 /* FAImageCropperTests.swift */,
				290399961E411D9500CC0C20 /* Info.plist */,
			);
			path = FAImageCropperTests;
			sourceTree = "<group>";
		};
		2903999E1E411D9500CC0C20 /* FAImageCropperUITests */ = {
			isa = PBXGroup;
			children = (
				2903999F1E411D9500CC0C20 /* FAImageCropperUITests.swift */,
				290399A11E411D9500CC0C20 /* Info.plist */,
			);
			path = FAImageCropperUITests;
			sourceTree = "<group>";
		};
		290399AD1E411D9D00CC0C20 /* AppDelegate */ = {
			isa = PBXGroup;
			children = (
				2903997F1E411D9500CC0C20 /* AppDelegate.swift */,
			);
			name = AppDelegate;
			sourceTree = "<group>";
		};
		290399B01E411DFB00CC0C20 /* Other */ = {
			isa = PBXGroup;
			children = (
				297AE4711E4FE2010014D705 /* FAImageCropper-Bridging-Header.h */,
				290399861E411D9500CC0C20 /* Assets.xcassets */,
				290399881E411D9500CC0C20 /* LaunchScreen.storyboard */,
				2903998B1E411D9500CC0C20 /* Info.plist */,
			);
			name = Other;
			sourceTree = "<group>";
		};
/* End PBXGroup section */

/* Begin PBXNativeTarget section */
		2903997B1E411D9400CC0C20 /* FAImageCropper */ = {
			isa = PBXNativeTarget;
			buildConfigurationList = 290399A41E411D9500CC0C20 /* Build configuration list for PBXNativeTarget "FAImageCropper" */;
			buildPhases = (
				290399781E411D9400CC0C20 /* Sources */,
				290399791E411D9400CC0C20 /* Frameworks */,
				2903997A1E411D9400CC0C20 /* Resources */,
			);
			buildRules = (
			);
			dependencies = (
			);
			name = FAImageCropper;
			productName = FAImageCropper;
			productReference = 2903997C1E411D9500CC0C20 /* FAImageCropper.app */;
			productType = "com.apple.product-type.application";
		};
		2903998F1E411D9500CC0C20 /* FAImageCropperTests */ = {
			isa = PBXNativeTarget;
			buildConfigurationList = 290399A71E411D9500CC0C20 /* Build configuration list for PBXNativeTarget "FAImageCropperTests" */;
			buildPhases = (
				2903998C1E411D9500CC0C20 /* Sources */,
				2903998D1E411D9500CC0C20 /* Frameworks */,
				2903998E1E411D9500CC0C20 /* Resources */,
			);
			buildRules = (
			);
			dependencies = (
				290399921E411D9500CC0C20 /* PBXTargetDependency */,
			);
			name = FAImageCropperTests;
			productName = FAImageCropperTests;
			productReference = 290399901E411D9500CC0C20 /* FAImageCropperTests.xctest */;
			productType = "com.apple.product-type.bundle.unit-test";
		};
		2903999A1E411D9500CC0C20 /* FAImageCropperUITests */ = {
			isa = PBXNativeTarget;
			buildConfigurationList = 290399AA1E411D9500CC0C20 /* Build configuration list for PBXNativeTarget "FAImageCropperUITests" */;
			buildPhases = (
				290399971E411D9500CC0C20 /* Sources */,
				290399981E411D9500CC0C20 /* Frameworks */,
				290399991E411D9500CC0C20 /* Resources */,
			);
			buildRules = (
			);
			dependencies = (
				2903999D1E411D9500CC0C20 /* PBXTargetDependency */,
			);
			name = FAImageCropperUITests;
			productName = FAImageCropperUITests;
			productReference = 2903999B1E411D9500CC0C20 /* FAImageCropperUITests.xctest */;
			productType = "com.apple.product-type.bundle.ui-testing";
		};
/* End PBXNativeTarget section */

/* Begin PBXProject section */
		290399741E411D9400CC0C20 /* Project object */ = {
			isa = PBXProject;
			attributes = {
				LastSwiftUpdateCheck = 0820;
				LastUpgradeCheck = 0820;
				ORGANIZATIONNAME = "Fahid Attique";
				TargetAttributes = {
					2903997B1E411D9400CC0C20 = {
						CreatedOnToolsVersion = 8.2.1;
						DevelopmentTeam = A54876SPW6;
						LastSwiftMigration = 0820;
						ProvisioningStyle = Automatic;
					};
					2903998F1E411D9500CC0C20 = {
						CreatedOnToolsVersion = 8.2.1;
						ProvisioningStyle = Automatic;
						TestTargetID = 2903997B1E411D9400CC0C20;
					};
					2903999A1E411D9500CC0C20 = {
						CreatedOnToolsVersion = 8.2.1;
						ProvisioningStyle = Automatic;
						TestTargetID = 2903997B1E411D9400CC0C20;
					};
				};
			};
			buildConfigurationList = 290399771E411D9400CC0C20 /* Build configuration list for PBXProject "FAImageCropper" */;
			compatibilityVersion = "Xcode 3.2";
			developmentRegion = English;
			hasScannedForEncodings = 0;
			knownRegions = (
				en,
				Base,
			);
			mainGroup = 290399731E411D9400CC0C20;
			productRefGroup = 2903997D1E411D9500CC0C20 /* Products */;
			projectDirPath = "";
			projectRoot = "";
			targets = (
				2903997B1E411D9400CC0C20 /* FAImageCropper */,
				2903998F1E411D9500CC0C20 /* FAImageCropperTests */,
				2903999A1E411D9500CC0C20 /* FAImageCropperUITests */,
			);
		};
/* End PBXProject section */

/* Begin PBXResourcesBuildPhase section */
		2903997A1E411D9400CC0C20 /* Resources */ = {
			isa = PBXResourcesBuildPhase;
			buildActionMask = 2147483647;
			files = (
				2903998A1E411D9500CC0C20 /* LaunchScreen.storyboard in Resources */,
				290399871E411D9500CC0C20 /* Assets.xcassets in Resources */,
				1AC0195A2028D2210069707C /* FAGridView.xib in Resources */,
				290399851E411D9500CC0C20 /* Main.storyboard in Resources */,
			);
			runOnlyForDeploymentPostprocessing = 0;
		};
		2903998E1E411D9500CC0C20 /* Resources */ = {
			isa = PBXResourcesBuildPhase;
			buildActionMask = 2147483647;
			files = (
			);
			runOnlyForDeploymentPostprocessing = 0;
		};
		290399991E411D9500CC0C20 /* Resources */ = {
			isa = PBXResourcesBuildPhase;
			buildActionMask = 2147483647;
			files = (
			);
			runOnlyForDeploymentPostprocessing = 0;
		};
/* End PBXResourcesBuildPhase section */

/* Begin PBXSourcesBuildPhase section */
		290399781E411D9400CC0C20 /* Sources */ = {
			isa = PBXSourcesBuildPhase;
			buildActionMask = 2147483647;
			files = (
				1AC0195C2028D2210069707C /* FAImageCell.swift in Sources */,
				2965F1261EE1B42B001F1B5A /* README.md in Sources */,
				290399801E411D9500CC0C20 /* AppDelegate.swift in Sources */,
				1AC0195E2028D2210069707C /* FAImageCropperVC.swift in Sources */,
				1AC019582028D2210069707C /* FAImageLoader.swift in Sources */,
				1AC0195B2028D2210069707C /* FAScrollView.swift in Sources */,
				1AC019592028D2210069707C /* UIImage+Additions.swift in Sources */,
				1AC0195D2028D2210069707C /* FADetailVC.swift in Sources */,
			);
			runOnlyForDeploymentPostprocessing = 0;
		};
		2903998C1E411D9500CC0C20 /* Sources */ = {
			isa = PBXSourcesBuildPhase;
			buildActionMask = 2147483647;
			files = (
				290399951E411D9500CC0C20 /* FAImageCropperTests.swift in Sources */,
			);
			runOnlyForDeploymentPostprocessing = 0;
		};
		290399971E411D9500CC0C20 /* Sources */ = {
			isa = PBXSourcesBuildPhase;
			buildActionMask = 2147483647;
			files = (
				290399A01E411D9500CC0C20 /* FAImageCropperUITests.swift in Sources */,
			);
			runOnlyForDeploymentPostprocessing = 0;
		};
/* End PBXSourcesBuildPhase section */

/* Begin PBXTargetDependency section */
		290399921E411D9500CC0C20 /* PBXTargetDependency */ = {
			isa = PBXTargetDependency;
			target = 2903997B1E411D9400CC0C20 /* FAImageCropper */;
			targetProxy = 290399911E411D9500CC0C20 /* PBXContainerItemProxy */;
		};
		2903999D1E411D9500CC0C20 /* PBXTargetDependency */ = {
			isa = PBXTargetDependency;
			target = 2903997B1E411D9400CC0C20 /* FAImageCropper */;
			targetProxy = 2903999C1E411D9500CC0C20 /* PBXContainerItemProxy */;
		};
/* End PBXTargetDependency section */

/* Begin PBXVariantGroup section */
		290399831E411D9500CC0C20 /* Main.storyboard */ = {
			isa = PBXVariantGroup;
			children = (
				290399841E411D9500CC0C20 /* Base */,
			);
			name = Main.storyboard;
			sourceTree = "<group>";
		};
		290399881E411D9500CC0C20 /* LaunchScreen.storyboard */ = {
			isa = PBXVariantGroup;
			children = (
				290399891E411D9500CC0C20 /* Base */,
			);
			name = LaunchScreen.storyboard;
			sourceTree = "<group>";
		};
/* End PBXVariantGroup section */

/* Begin XCBuildConfiguration section */
		290399A21E411D9500CC0C20 /* Debug */ = {
			isa = XCBuildConfiguration;
			buildSettings = {
				ALWAYS_SEARCH_USER_PATHS = NO;
				CLANG_ANALYZER_NONNULL = YES;
				CLANG_CXX_LANGUAGE_STANDARD = "gnu++0x";
				CLANG_CXX_LIBRARY = "libc++";
				CLANG_ENABLE_MODULES = YES;
				CLANG_ENABLE_OBJC_ARC = YES;
				CLANG_WARN_BOOL_CONVERSION = YES;
				CLANG_WARN_CONSTANT_CONVERSION = YES;
				CLANG_WARN_DIRECT_OBJC_ISA_USAGE = YES_ERROR;
				CLANG_WARN_DOCUMENTATION_COMMENTS = YES;
				CLANG_WARN_EMPTY_BODY = YES;
				CLANG_WARN_ENUM_CONVERSION = YES;
				CLANG_WARN_INFINITE_RECURSION = YES;
				CLANG_WARN_INT_CONVERSION = YES;
				CLANG_WARN_OBJC_ROOT_CLASS = YES_ERROR;
				CLANG_WARN_SUSPICIOUS_MOVE = YES;
				CLANG_WARN_UNREACHABLE_CODE = YES;
				CLANG_WARN__DUPLICATE_METHOD_MATCH = YES;
				"CODE_SIGN_IDENTITY[sdk=iphoneos*]" = "iPhone Developer";
				COPY_PHASE_STRIP = NO;
				DEBUG_INFORMATION_FORMAT = dwarf;
				ENABLE_STRICT_OBJC_MSGSEND = YES;
				ENABLE_TESTABILITY = YES;
				GCC_C_LANGUAGE_STANDARD = gnu99;
				GCC_DYNAMIC_NO_PIC = NO;
				GCC_NO_COMMON_BLOCKS = YES;
				GCC_OPTIMIZATION_LEVEL = 0;
				GCC_PREPROCESSOR_DEFINITIONS = (
					"DEBUG=1",
					"$(inherited)",
				);
				GCC_WARN_64_TO_32_BIT_CONVERSION = YES;
				GCC_WARN_ABOUT_RETURN_TYPE = YES_ERROR;
				GCC_WARN_UNDECLARED_SELECTOR = YES;
				GCC_WARN_UNINITIALIZED_AUTOS = YES_AGGRESSIVE;
				GCC_WARN_UNUSED_FUNCTION = YES;
				GCC_WARN_UNUSED_VARIABLE = YES;
				IPHONEOS_DEPLOYMENT_TARGET = 10.2;
				MTL_ENABLE_DEBUG_INFO = YES;
				ONLY_ACTIVE_ARCH = YES;
				SDKROOT = iphoneos;
				SWIFT_ACTIVE_COMPILATION_CONDITIONS = DEBUG;
				SWIFT_OPTIMIZATION_LEVEL = "-Onone";
			};
			name = Debug;
		};
		290399A31E411D9500CC0C20 /* Release */ = {
			isa = XCBuildConfiguration;
			buildSettings = {
				ALWAYS_SEARCH_USER_PATHS = NO;
				CLANG_ANALYZER_NONNULL = YES;
				CLANG_CXX_LANGUAGE_STANDARD = "gnu++0x";
				CLANG_CXX_LIBRARY = "libc++";
				CLANG_ENABLE_MODULES = YES;
				CLANG_ENABLE_OBJC_ARC = YES;
				CLANG_WARN_BOOL_CONVERSION = YES;
				CLANG_WARN_CONSTANT_CONVERSION = YES;
				CLANG_WARN_DIRECT_OBJC_ISA_USAGE = YES_ERROR;
				CLANG_WARN_DOCUMENTATION_COMMENTS = YES;
				CLANG_WARN_EMPTY_BODY = YES;
				CLANG_WARN_ENUM_CONVERSION = YES;
				CLANG_WARN_INFINITE_RECURSION = YES;
				CLANG_WARN_INT_CONVERSION = YES;
				CLANG_WARN_OBJC_ROOT_CLASS = YES_ERROR;
				CLANG_WARN_SUSPICIOUS_MOVE = YES;
				CLANG_WARN_UNREACHABLE_CODE = YES;
				CLANG_WARN__DUPLICATE_METHOD_MATCH = YES;
				"CODE_SIGN_IDENTITY[sdk=iphoneos*]" = "iPhone Developer";
				COPY_PHASE_STRIP = NO;
				DEBUG_INFORMATION_FORMAT = "dwarf-with-dsym";
				ENABLE_NS_ASSERTIONS = NO;
				ENABLE_STRICT_OBJC_MSGSEND = YES;
				GCC_C_LANGUAGE_STANDARD = gnu99;
				GCC_NO_COMMON_BLOCKS = YES;
				GCC_WARN_64_TO_32_BIT_CONVERSION = YES;
				GCC_WARN_ABOUT_RETURN_TYPE = YES_ERROR;
				GCC_WARN_UNDECLARED_SELECTOR = YES;
				GCC_WARN_UNINITIALIZED_AUTOS = YES_AGGRESSIVE;
				GCC_WARN_UNUSED_FUNCTION = YES;
				GCC_WARN_UNUSED_VARIABLE = YES;
				IPHONEOS_DEPLOYMENT_TARGET = 10.2;
				MTL_ENABLE_DEBUG_INFO = NO;
				SDKROOT = iphoneos;
				SWIFT_OPTIMIZATION_LEVEL = "-Owholemodule";
				VALIDATE_PRODUCT = YES;
			};
			name = Release;
		};
		290399A51E411D9500CC0C20 /* Debug */ = {
			isa = XCBuildConfiguration;
			buildSettings = {
				ASSETCATALOG_COMPILER_APPICON_NAME = AppIcon;
				CLANG_ENABLE_MODULES = YES;
				CODE_SIGN_IDENTITY = "iPhone Developer";
				"CODE_SIGN_IDENTITY[sdk=iphoneos*]" = "iPhone Developer";
				DEVELOPMENT_TEAM = A54876SPW6;
				INFOPLIST_FILE = FAImageCropper/Info.plist;
				LD_RUNPATH_SEARCH_PATHS = "$(inherited) @executable_path/Frameworks";
				PRODUCT_BUNDLE_IDENTIFIER = com.FAImageCropper;
				PRODUCT_NAME = "$(TARGET_NAME)";
				SWIFT_OBJC_BRIDGING_HEADER = "FAImageCropper-Bridging-Header.h";
				SWIFT_OPTIMIZATION_LEVEL = "-Onone";
				SWIFT_VERSION = 3.0;
			};
			name = Debug;
		};
		290399A61E411D9500CC0C20 /* Release */ = {
			isa = XCBuildConfiguration;
			buildSettings = {
				ASSETCATALOG_COMPILER_APPICON_NAME = AppIcon;
				CLANG_ENABLE_MODULES = YES;
				CODE_SIGN_IDENTITY = "iPhone Developer";
				"CODE_SIGN_IDENTITY[sdk=iphoneos*]" = "iPhone Developer";
				DEVELOPMENT_TEAM = A54876SPW6;
				INFOPLIST_FILE = FAImageCropper/Info.plist;
				LD_RUNPATH_SEARCH_PATHS = "$(inherited) @executable_path/Frameworks";
				PRODUCT_BUNDLE_IDENTIFIER = com.FAImageCropper;
				PRODUCT_NAME = "$(TARGET_NAME)";
				SWIFT_OBJC_BRIDGING_HEADER = "FAImageCropper-Bridging-Header.h";
				SWIFT_VERSION = 3.0;
			};
			name = Release;
		};
		290399A81E411D9500CC0C20 /* Debug */ = {
			isa = XCBuildConfiguration;
			buildSettings = {
				ALWAYS_EMBED_SWIFT_STANDARD_LIBRARIES = YES;
				BUNDLE_LOADER = "$(TEST_HOST)";
				INFOPLIST_FILE = FAImageCropperTests/Info.plist;
				LD_RUNPATH_SEARCH_PATHS = "$(inherited) @executable_path/Frameworks @loader_path/Frameworks";
				PRODUCT_BUNDLE_IDENTIFIER = com.FAImageCropperTests;
				PRODUCT_NAME = "$(TARGET_NAME)";
				SWIFT_VERSION = 3.0;
				TEST_HOST = "$(BUILT_PRODUCTS_DIR)/FAImageCropper.app/FAImageCropper";
			};
			name = Debug;
		};
		290399A91E411D9500CC0C20 /* Release */ = {
			isa = XCBuildConfiguration;
			buildSettings = {
				ALWAYS_EMBED_SWIFT_STANDARD_LIBRARIES = YES;
				BUNDLE_LOADER = "$(TEST_HOST)";
				INFOPLIST_FILE = FAImageCropperTests/Info.plist;
				LD_RUNPATH_SEARCH_PATHS = "$(inherited) @executable_path/Frameworks @loader_path/Frameworks";
				PRODUCT_BUNDLE_IDENTIFIER = com.FAImageCropperTests;
				PRODUCT_NAME = "$(TARGET_NAME)";
				SWIFT_VERSION = 3.0;
				TEST_HOST = "$(BUILT_PRODUCTS_DIR)/FAImageCropper.app/FAImageCropper";
			};
			name = Release;
		};
		290399AB1E411D9500CC0C20 /* Debug */ = {
			isa = XCBuildConfiguration;
			buildSettings = {
				ALWAYS_EMBED_SWIFT_STANDARD_LIBRARIES = YES;
				INFOPLIST_FILE = FAImageCropperUITests/Info.plist;
				LD_RUNPATH_SEARCH_PATHS = "$(inherited) @executable_path/Frameworks @loader_path/Frameworks";
				PRODUCT_BUNDLE_IDENTIFIER = com.FAImageCropperUITests;
				PRODUCT_NAME = "$(TARGET_NAME)";
				SWIFT_VERSION = 3.0;
				TEST_TARGET_NAME = FAImageCropper;
			};
			name = Debug;
		};
		290399AC1E411D9500CC0C20 /* Release */ = {
			isa = XCBuildConfiguration;
			buildSettings = {
				ALWAYS_EMBED_SWIFT_STANDARD_LIBRARIES = YES;
				INFOPLIST_FILE = FAImageCropperUITests/Info.plist;
				LD_RUNPATH_SEARCH_PATHS = "$(inherited) @executable_path/Frameworks @loader_path/Frameworks";
				PRODUCT_BUNDLE_IDENTIFIER = com.FAImageCropperUITests;
				PRODUCT_NAME = "$(TARGET_NAME)";
				SWIFT_VERSION = 3.0;
				TEST_TARGET_NAME = FAImageCropper;
			};
			name = Release;
		};
/* End XCBuildConfiguration section */

/* Begin XCConfigurationList section */
		290399771E411D9400CC0C20 /* Build configuration list for PBXProject "FAImageCropper" */ = {
			isa = XCConfigurationList;
			buildConfigurations = (
				290399A21E411D9500CC0C20 /* Debug */,
				290399A31E411D9500CC0C20 /* Release */,
			);
			defaultConfigurationIsVisible = 0;
			defaultConfigurationName = Release;
		};
		290399A41E411D9500CC0C20 /* Build configuration list for PBXNativeTarget "FAImageCropper" */ = {
			isa = XCConfigurationList;
			buildConfigurations = (
				290399A51E411D9500CC0C20 /* Debug */,
				290399A61E411D9500CC0C20 /* Release */,
			);
			defaultConfigurationIsVisible = 0;
			defaultConfigurationName = Release;
		};
		290399A71E411D9500CC0C20 /* Build configuration list for PBXNativeTarget "FAImageCropperTests" */ = {
			isa = XCConfigurationList;
			buildConfigurations = (
				290399A81E411D9500CC0C20 /* Debug */,
				290399A91E411D9500CC0C20 /* Release */,
			);
			defaultConfigurationIsVisible = 0;
			defaultConfigurationName = Release;
		};
		290399AA1E411D9500CC0C20 /* Build configuration list for PBXNativeTarget "FAImageCropperUITests" */ = {
			isa = XCConfigurationList;
			buildConfigurations = (
				290399AB1E411D9500CC0C20 /* Debug */,
				290399AC1E411D9500CC0C20 /* Release */,
			);
			defaultConfigurationIsVisible = 0;
			defaultConfigurationName = Release;
		};
/* End XCConfigurationList section */
	};
	rootObject = 290399741E411D9400CC0C20 /* Project object */;
}
